// !$*UTF8*$!
{
	archiveVersion = 1;
	classes = {
	};
	objectVersion = 56;
	objects = {

/* Begin PBXBuildFile section */
		746F8DDA2A014F6C00BD6452 /* GoogleService-Info.plist in Resources */ = {isa = PBXBuildFile; fileRef = 746F8DD92A014F6C00BD6452 /* GoogleService-Info.plist */; };
		74B7708529F9559500800E4F /* AppDelegate.swift in Sources */ = {isa = PBXBuildFile; fileRef = 74B7708429F9559500800E4F /* AppDelegate.swift */; };
		74B7708729F9559500800E4F /* SceneDelegate.swift in Sources */ = {isa = PBXBuildFile; fileRef = 74B7708629F9559500800E4F /* SceneDelegate.swift */; };
		74B7708C29F9559500800E4F /* Main.storyboard in Resources */ = {isa = PBXBuildFile; fileRef = 74B7708A29F9559500800E4F /* Main.storyboard */; };
		74B7708E29F9559700800E4F /* Assets.xcassets in Resources */ = {isa = PBXBuildFile; fileRef = 74B7708D29F9559700800E4F /* Assets.xcassets */; };
		74B7709129F9559700800E4F /* LaunchScreen.storyboard in Resources */ = {isa = PBXBuildFile; fileRef = 74B7708F29F9559700800E4F /* LaunchScreen.storyboard */; };
		74B7709C29F95F1800800E4F /* UsuarioModel.swift in Sources */ = {isa = PBXBuildFile; fileRef = 74B7709B29F95F1800800E4F /* UsuarioModel.swift */; };
		74B770A029F9612D00800E4F /* LoginView.swift in Sources */ = {isa = PBXBuildFile; fileRef = 74B7709F29F9612D00800E4F /* LoginView.swift */; };
		74B770A229F9635700800E4F /* ListFilmView.swift in Sources */ = {isa = PBXBuildFile; fileRef = 74B770A129F9635700800E4F /* ListFilmView.swift */; };
		74B770A429F964A500800E4F /* LoginViewController.swift in Sources */ = {isa = PBXBuildFile; fileRef = 74B770A329F964A500800E4F /* LoginViewController.swift */; };
		74B770A629F964B900800E4F /* ListFilmsViewController.swift in Sources */ = {isa = PBXBuildFile; fileRef = 74B770A529F964B900800E4F /* ListFilmsViewController.swift */; };
		74B770A829F9ED2D00800E4F /* FilmModel.swift in Sources */ = {isa = PBXBuildFile; fileRef = 74B770A729F9ED2D00800E4F /* FilmModel.swift */; };
		74B770B029FA9FD100800E4F /* FirebaseAnalytics in Frameworks */ = {isa = PBXBuildFile; productRef = 74B770AF29FA9FD100800E4F /* FirebaseAnalytics */; };
		74B770B229FA9FD100800E4F /* FirebaseAuth in Frameworks */ = {isa = PBXBuildFile; productRef = 74B770B129FA9FD100800E4F /* FirebaseAuth */; };
		74B770B429FA9FD100800E4F /* FirebaseFirestore in Frameworks */ = {isa = PBXBuildFile; productRef = 74B770B329FA9FD100800E4F /* FirebaseFirestore */; };
		74B770B629FADA0100800E4F /* ResetLoginViewController.swift in Sources */ = {isa = PBXBuildFile; fileRef = 74B770B529FADA0100800E4F /* ResetLoginViewController.swift */; };
		74B770B829FADBFC00800E4F /* ResetLoginView.swift in Sources */ = {isa = PBXBuildFile; fileRef = 74B770B729FADBFC00800E4F /* ResetLoginView.swift */; };
		74B770BA29FAEE0900800E4F /* CreateLoginViewController.swift in Sources */ = {isa = PBXBuildFile; fileRef = 74B770B929FAEE0900800E4F /* CreateLoginViewController.swift */; };
		74B770BC29FAF85300800E4F /* CreateLoginView.swift in Sources */ = {isa = PBXBuildFile; fileRef = 74B770BB29FAF85300800E4F /* CreateLoginView.swift */; };
		74B770C029FC06ED00800E4F /* CellCustomView.swift in Sources */ = {isa = PBXBuildFile; fileRef = 74B770BF29FC06ED00800E4F /* CellCustomView.swift */; };
		74B770C329FC0D5700800E4F /* SDWebImage in Frameworks */ = {isa = PBXBuildFile; productRef = 74B770C229FC0D5700800E4F /* SDWebImage */; };
		74B770C529FC0D5700800E4F /* SDWebImageMapKit in Frameworks */ = {isa = PBXBuildFile; productRef = 74B770C429FC0D5700800E4F /* SDWebImageMapKit */; };
		74B770C729FC36F600800E4F /* DetailFilmViewController.swift in Sources */ = {isa = PBXBuildFile; fileRef = 74B770C629FC36F600800E4F /* DetailFilmViewController.swift */; };
/* End PBXBuildFile section */

/* Begin PBXFileReference section */
		746F8DD92A014F6C00BD6452 /* GoogleService-Info.plist */ = {isa = PBXFileReference; fileEncoding = 4; lastKnownFileType = text.plist.xml; name = "GoogleService-Info.plist"; path = "../../../GoogleService-Info.plist"; sourceTree = "<group>"; };
		74B7708129F9559500800E4F /* ListarFilmesVIP.app */ = {isa = PBXFileReference; explicitFileType = wrapper.application; includeInIndex = 0; path = ListarFilmesVIP.app; sourceTree = BUILT_PRODUCTS_DIR; };
		74B7708429F9559500800E4F /* AppDelegate.swift */ = {isa = PBXFileReference; lastKnownFileType = sourcecode.swift; path = AppDelegate.swift; sourceTree = "<group>"; };
		74B7708629F9559500800E4F /* SceneDelegate.swift */ = {isa = PBXFileReference; lastKnownFileType = sourcecode.swift; path = SceneDelegate.swift; sourceTree = "<group>"; };
		74B7708B29F9559500800E4F /* Base */ = {isa = PBXFileReference; lastKnownFileType = file.storyboard; name = Base; path = Base.lproj/Main.storyboard; sourceTree = "<group>"; };
		74B7708D29F9559700800E4F /* Assets.xcassets */ = {isa = PBXFileReference; lastKnownFileType = folder.assetcatalog; path = Assets.xcassets; sourceTree = "<group>"; };
		74B7709029F9559700800E4F /* Base */ = {isa = PBXFileReference; lastKnownFileType = file.storyboard; name = Base; path = Base.lproj/LaunchScreen.storyboard; sourceTree = "<group>"; };
		74B7709229F9559700800E4F /* Info.plist */ = {isa = PBXFileReference; lastKnownFileType = text.plist.xml; path = Info.plist; sourceTree = "<group>"; };
		74B7709B29F95F1800800E4F /* UsuarioModel.swift */ = {isa = PBXFileReference; lastKnownFileType = sourcecode.swift; path = UsuarioModel.swift; sourceTree = "<group>"; };
		74B7709F29F9612D00800E4F /* LoginView.swift */ = {isa = PBXFileReference; lastKnownFileType = sourcecode.swift; path = LoginView.swift; sourceTree = "<group>"; };
		74B770A129F9635700800E4F /* ListFilmView.swift */ = {isa = PBXFileReference; lastKnownFileType = sourcecode.swift; path = ListFilmView.swift; sourceTree = "<group>"; };
		74B770A329F964A500800E4F /* LoginViewController.swift */ = {isa = PBXFileReference; lastKnownFileType = sourcecode.swift; path = LoginViewController.swift; sourceTree = "<group>"; };
		74B770A529F964B900800E4F /* ListFilmsViewController.swift */ = {isa = PBXFileReference; lastKnownFileType = sourcecode.swift; path = ListFilmsViewController.swift; sourceTree = "<group>"; };
		74B770A729F9ED2D00800E4F /* FilmModel.swift */ = {isa = PBXFileReference; lastKnownFileType = sourcecode.swift; path = FilmModel.swift; sourceTree = "<group>"; };
		74B770B529FADA0100800E4F /* ResetLoginViewController.swift */ = {isa = PBXFileReference; lastKnownFileType = sourcecode.swift; path = ResetLoginViewController.swift; sourceTree = "<group>"; };
		74B770B729FADBFC00800E4F /* ResetLoginView.swift */ = {isa = PBXFileReference; lastKnownFileType = sourcecode.swift; path = ResetLoginView.swift; sourceTree = "<group>"; };
		74B770B929FAEE0900800E4F /* CreateLoginViewController.swift */ = {isa = PBXFileReference; lastKnownFileType = sourcecode.swift; path = CreateLoginViewController.swift; sourceTree = "<group>"; };
		74B770BB29FAF85300800E4F /* CreateLoginView.swift */ = {isa = PBXFileReference; lastKnownFileType = sourcecode.swift; path = CreateLoginView.swift; sourceTree = "<group>"; };
		74B770BF29FC06ED00800E4F /* CellCustomView.swift */ = {isa = PBXFileReference; lastKnownFileType = sourcecode.swift; path = CellCustomView.swift; sourceTree = "<group>"; };
		74B770C629FC36F600800E4F /* DetailFilmViewController.swift */ = {isa = PBXFileReference; lastKnownFileType = sourcecode.swift; path = DetailFilmViewController.swift; sourceTree = "<group>"; };
/* End PBXFileReference section */

/* Begin PBXFrameworksBuildPhase section */
		74B7707E29F9559500800E4F /* Frameworks */ = {
			isa = PBXFrameworksBuildPhase;
			buildActionMask = 2147483647;
			files = (
				74B770B029FA9FD100800E4F /* FirebaseAnalytics in Frameworks */,
				74B770C529FC0D5700800E4F /* SDWebImageMapKit in Frameworks */,
				74B770B229FA9FD100800E4F /* FirebaseAuth in Frameworks */,
				74B770C329FC0D5700800E4F /* SDWebImage in Frameworks */,
				74B770B429FA9FD100800E4F /* FirebaseFirestore in Frameworks */,
			);
			runOnlyForDeploymentPostprocessing = 0;
		};
/* End PBXFrameworksBuildPhase section */

/* Begin PBXGroup section */
		74B7707829F9559500800E4F = {
			isa = PBXGroup;
			children = (
				74B7708329F9559500800E4F /* ListarFilmesMVC */,
				74B7708229F9559500800E4F /* Products */,
			);
			sourceTree = "<group>";
		};
		74B7708229F9559500800E4F /* Products */ = {
			isa = PBXGroup;
			children = (
				74B7708129F9559500800E4F /* ListarFilmesVIP.app */,
			);
			name = Products;
			sourceTree = "<group>";
		};
		74B7708329F9559500800E4F /* ListarFilmesMVC */ = {
			isa = PBXGroup;
			children = (
				74B7709A29F957C900800E4F /* Controllers */,
				74B7709929F957C000800E4F /* Views */,
				74B7709829F957A500800E4F /* Models */,
				74B7708429F9559500800E4F /* AppDelegate.swift */,
				74B7708629F9559500800E4F /* SceneDelegate.swift */,
				74B7708A29F9559500800E4F /* Main.storyboard */,
				74B7708D29F9559700800E4F /* Assets.xcassets */,
				74B7708F29F9559700800E4F /* LaunchScreen.storyboard */,
				74B7709229F9559700800E4F /* Info.plist */,
				746F8DD92A014F6C00BD6452 /* GoogleService-Info.plist */,
			);
			path = ListarFilmesMVC;
			sourceTree = "<group>";
		};
		74B7709829F957A500800E4F /* Models */ = {
			isa = PBXGroup;
			children = (
				74B7709B29F95F1800800E4F /* UsuarioModel.swift */,
				74B770A729F9ED2D00800E4F /* FilmModel.swift */,
			);
			path = Models;
			sourceTree = "<group>";
		};
		74B7709929F957C000800E4F /* Views */ = {
			isa = PBXGroup;
			children = (
				74B7709F29F9612D00800E4F /* LoginView.swift */,
				74B770A129F9635700800E4F /* ListFilmView.swift */,
				74B770B729FADBFC00800E4F /* ResetLoginView.swift */,
				74B770BB29FAF85300800E4F /* CreateLoginView.swift */,
				74B770BF29FC06ED00800E4F /* CellCustomView.swift */,
			);
			path = Views;
			sourceTree = "<group>";
		};
		74B7709A29F957C900800E4F /* Controllers */ = {
			isa = PBXGroup;
			children = (
				74B770A329F964A500800E4F /* LoginViewController.swift */,
				74B770A529F964B900800E4F /* ListFilmsViewController.swift */,
				74B770B529FADA0100800E4F /* ResetLoginViewController.swift */,
				74B770B929FAEE0900800E4F /* CreateLoginViewController.swift */,
				74B770C629FC36F600800E4F /* DetailFilmViewController.swift */,
			);
			path = Controllers;
			sourceTree = "<group>";
		};
/* End PBXGroup section */

/* Begin PBXNativeTarget section */
		74B7708029F9559500800E4F /* ListarFilmesVIP */ = {
			isa = PBXNativeTarget;
			buildConfigurationList = 74B7709529F9559700800E4F /* Build configuration list for PBXNativeTarget "ListarFilmesVIP" */;
			buildPhases = (
				74B7707D29F9559500800E4F /* Sources */,
				74B7707E29F9559500800E4F /* Frameworks */,
				74B7707F29F9559500800E4F /* Resources */,
			);
			buildRules = (
			);
			dependencies = (
			);
			name = ListarFilmesVIP;
			packageProductDependencies = (
				74B770AF29FA9FD100800E4F /* FirebaseAnalytics */,
				74B770B129FA9FD100800E4F /* FirebaseAuth */,
				74B770B329FA9FD100800E4F /* FirebaseFirestore */,
				74B770C229FC0D5700800E4F /* SDWebImage */,
				74B770C429FC0D5700800E4F /* SDWebImageMapKit */,
			);
			productName = ListarFilmesMVC;
			productReference = 74B7708129F9559500800E4F /* ListarFilmesVIP.app */;
			productType = "com.apple.product-type.application";
		};
/* End PBXNativeTarget section */

/* Begin PBXProject section */
		74B7707929F9559500800E4F /* Project object */ = {
			isa = PBXProject;
			attributes = {
				BuildIndependentTargetsInParallel = 1;
				LastSwiftUpdateCheck = 1420;
				LastUpgradeCheck = 1420;
				TargetAttributes = {
					74B7708029F9559500800E4F = {
						CreatedOnToolsVersion = 14.2;
					};
				};
			};
			buildConfigurationList = 74B7707C29F9559500800E4F /* Build configuration list for PBXProject "ListarFilmesVIP" */;
			compatibilityVersion = "Xcode 14.0";
			developmentRegion = en;
			hasScannedForEncodings = 0;
			knownRegions = (
				en,
				Base,
			);
			mainGroup = 74B7707829F9559500800E4F;
			packageReferences = (
				74B770AE29FA9FD100800E4F /* XCRemoteSwiftPackageReference "firebase-ios-sdk" */,
				74B770C129FC0D5700800E4F /* XCRemoteSwiftPackageReference "SDWebImage" */,
			);
			productRefGroup = 74B7708229F9559500800E4F /* Products */;
			projectDirPath = "";
			projectRoot = "";
			targets = (
				74B7708029F9559500800E4F /* ListarFilmesVIP */,
			);
		};
/* End PBXProject section */

/* Begin PBXResourcesBuildPhase section */
		74B7707F29F9559500800E4F /* Resources */ = {
			isa = PBXResourcesBuildPhase;
			buildActionMask = 2147483647;
			files = (
				74B7709129F9559700800E4F /* LaunchScreen.storyboard in Resources */,
				746F8DDA2A014F6C00BD6452 /* GoogleService-Info.plist in Resources */,
				74B7708E29F9559700800E4F /* Assets.xcassets in Resources */,
				74B7708C29F9559500800E4F /* Main.storyboard in Resources */,
			);
			runOnlyForDeploymentPostprocessing = 0;
		};
/* End PBXResourcesBuildPhase section */

/* Begin PBXSourcesBuildPhase section */
		74B7707D29F9559500800E4F /* Sources */ = {
			isa = PBXSourcesBuildPhase;
			buildActionMask = 2147483647;
			files = (
				74B770A029F9612D00800E4F /* LoginView.swift in Sources */,
				74B770C729FC36F600800E4F /* DetailFilmViewController.swift in Sources */,
				74B770BC29FAF85300800E4F /* CreateLoginView.swift in Sources */,
				74B7708529F9559500800E4F /* AppDelegate.swift in Sources */,
				74B770A829F9ED2D00800E4F /* FilmModel.swift in Sources */,
				74B770A429F964A500800E4F /* LoginViewController.swift in Sources */,
				74B770BA29FAEE0900800E4F /* CreateLoginViewController.swift in Sources */,
				74B770B829FADBFC00800E4F /* ResetLoginView.swift in Sources */,
				74B770C029FC06ED00800E4F /* CellCustomView.swift in Sources */,
				74B770B629FADA0100800E4F /* ResetLoginViewController.swift in Sources */,
				74B7709C29F95F1800800E4F /* UsuarioModel.swift in Sources */,
				74B7708729F9559500800E4F /* SceneDelegate.swift in Sources */,
				74B770A229F9635700800E4F /* ListFilmView.swift in Sources */,
				74B770A629F964B900800E4F /* ListFilmsViewController.swift in Sources */,
			);
			runOnlyForDeploymentPostprocessing = 0;
		};
/* End PBXSourcesBuildPhase section */

/* Begin PBXVariantGroup section */
		74B7708A29F9559500800E4F /* Main.storyboard */ = {
			isa = PBXVariantGroup;
			children = (
				74B7708B29F9559500800E4F /* Base */,
			);
			name = Main.storyboard;
			sourceTree = "<group>";
		};
		74B7708F29F9559700800E4F /* LaunchScreen.storyboard */ = {
			isa = PBXVariantGroup;
			children = (
				74B7709029F9559700800E4F /* Base */,
			);
			name = LaunchScreen.storyboard;
			sourceTree = "<group>";
		};
/* End PBXVariantGroup section */

/* Begin XCBuildConfiguration section */
		74B7709329F9559700800E4F /* Debug */ = {
			isa = XCBuildConfiguration;
			buildSettings = {
				ALWAYS_SEARCH_USER_PATHS = NO;
				CLANG_ANALYZER_NONNULL = YES;
				CLANG_ANALYZER_NUMBER_OBJECT_CONVERSION = YES_AGGRESSIVE;
				CLANG_CXX_LANGUAGE_STANDARD = "gnu++20";
				CLANG_ENABLE_MODULES = YES;
				CLANG_ENABLE_OBJC_ARC = YES;
				CLANG_ENABLE_OBJC_WEAK = YES;
				CLANG_WARN_BLOCK_CAPTURE_AUTORELEASING = YES;
				CLANG_WARN_BOOL_CONVERSION = YES;
				CLANG_WARN_COMMA = YES;
				CLANG_WARN_CONSTANT_CONVERSION = YES;
				CLANG_WARN_DEPRECATED_OBJC_IMPLEMENTATIONS = YES;
				CLANG_WARN_DIRECT_OBJC_ISA_USAGE = YES_ERROR;
				CLANG_WARN_DOCUMENTATION_COMMENTS = YES;
				CLANG_WARN_EMPTY_BODY = YES;
				CLANG_WARN_ENUM_CONVERSION = YES;
				CLANG_WARN_INFINITE_RECURSION = YES;
				CLANG_WARN_INT_CONVERSION = YES;
				CLANG_WARN_NON_LITERAL_NULL_CONVERSION = YES;
				CLANG_WARN_OBJC_IMPLICIT_RETAIN_SELF = YES;
				CLANG_WARN_OBJC_LITERAL_CONVERSION = YES;
				CLANG_WARN_OBJC_ROOT_CLASS = YES_ERROR;
				CLANG_WARN_QUOTED_INCLUDE_IN_FRAMEWORK_HEADER = YES;
				CLANG_WARN_RANGE_LOOP_ANALYSIS = YES;
				CLANG_WARN_STRICT_PROTOTYPES = YES;
				CLANG_WARN_SUSPICIOUS_MOVE = YES;
				CLANG_WARN_UNGUARDED_AVAILABILITY = YES_AGGRESSIVE;
				CLANG_WARN_UNREACHABLE_CODE = YES;
				CLANG_WARN__DUPLICATE_METHOD_MATCH = YES;
				COPY_PHASE_STRIP = NO;
				DEBUG_INFORMATION_FORMAT = dwarf;
				ENABLE_STRICT_OBJC_MSGSEND = YES;
				ENABLE_TESTABILITY = YES;
				GCC_C_LANGUAGE_STANDARD = gnu11;
				GCC_DYNAMIC_NO_PIC = NO;
				GCC_NO_COMMON_BLOCKS = YES;
				GCC_OPTIMIZATION_LEVEL = 0;
				GCC_PREPROCESSOR_DEFINITIONS = (
					"DEBUG=1",
					"$(inherited)",
				);
				GCC_WARN_64_TO_32_BIT_CONVERSION = YES;
				GCC_WARN_ABOUT_RETURN_TYPE = YES_ERROR;
				GCC_WARN_UNDECLARED_SELECTOR = YES;
				GCC_WARN_UNINITIALIZED_AUTOS = YES_AGGRESSIVE;
				GCC_WARN_UNUSED_FUNCTION = YES;
				GCC_WARN_UNUSED_VARIABLE = YES;
				IPHONEOS_DEPLOYMENT_TARGET = 16.2;
				MTL_ENABLE_DEBUG_INFO = INCLUDE_SOURCE;
				MTL_FAST_MATH = YES;
				ONLY_ACTIVE_ARCH = YES;
				SDKROOT = iphoneos;
				SWIFT_ACTIVE_COMPILATION_CONDITIONS = DEBUG;
				SWIFT_OPTIMIZATION_LEVEL = "-Onone";
			};
			name = Debug;
		};
		74B7709429F9559700800E4F /* Release */ = {
			isa = XCBuildConfiguration;
			buildSettings = {
				ALWAYS_SEARCH_USER_PATHS = NO;
				CLANG_ANALYZER_NONNULL = YES;
				CLANG_ANALYZER_NUMBER_OBJECT_CONVERSION = YES_AGGRESSIVE;
				CLANG_CXX_LANGUAGE_STANDARD = "gnu++20";
				CLANG_ENABLE_MODULES = YES;
				CLANG_ENABLE_OBJC_ARC = YES;
				CLANG_ENABLE_OBJC_WEAK = YES;
				CLANG_WARN_BLOCK_CAPTURE_AUTORELEASING = YES;
				CLANG_WARN_BOOL_CONVERSION = YES;
				CLANG_WARN_COMMA = YES;
				CLANG_WARN_CONSTANT_CONVERSION = YES;
				CLANG_WARN_DEPRECATED_OBJC_IMPLEMENTATIONS = YES;
				CLANG_WARN_DIRECT_OBJC_ISA_USAGE = YES_ERROR;
				CLANG_WARN_DOCUMENTATION_COMMENTS = YES;
				CLANG_WARN_EMPTY_BODY = YES;
				CLANG_WARN_ENUM_CONVERSION = YES;
				CLANG_WARN_INFINITE_RECURSION = YES;
				CLANG_WARN_INT_CONVERSION = YES;
				CLANG_WARN_NON_LITERAL_NULL_CONVERSION = YES;
				CLANG_WARN_OBJC_IMPLICIT_RETAIN_SELF = YES;
				CLANG_WARN_OBJC_LITERAL_CONVERSION = YES;
				CLANG_WARN_OBJC_ROOT_CLASS = YES_ERROR;
				CLANG_WARN_QUOTED_INCLUDE_IN_FRAMEWORK_HEADER = YES;
				CLANG_WARN_RANGE_LOOP_ANALYSIS = YES;
				CLANG_WARN_STRICT_PROTOTYPES = YES;
				CLANG_WARN_SUSPICIOUS_MOVE = YES;
				CLANG_WARN_UNGUARDED_AVAILABILITY = YES_AGGRESSIVE;
				CLANG_WARN_UNREACHABLE_CODE = YES;
				CLANG_WARN__DUPLICATE_METHOD_MATCH = YES;
				COPY_PHASE_STRIP = NO;
				DEBUG_INFORMATION_FORMAT = "dwarf-with-dsym";
				ENABLE_NS_ASSERTIONS = NO;
				ENABLE_STRICT_OBJC_MSGSEND = YES;
				GCC_C_LANGUAGE_STANDARD = gnu11;
				GCC_NO_COMMON_BLOCKS = YES;
				GCC_WARN_64_TO_32_BIT_CONVERSION = YES;
				GCC_WARN_ABOUT_RETURN_TYPE = YES_ERROR;
				GCC_WARN_UNDECLARED_SELECTOR = YES;
				GCC_WARN_UNINITIALIZED_AUTOS = YES_AGGRESSIVE;
				GCC_WARN_UNUSED_FUNCTION = YES;
				GCC_WARN_UNUSED_VARIABLE = YES;
				IPHONEOS_DEPLOYMENT_TARGET = 16.2;
				MTL_ENABLE_DEBUG_INFO = NO;
				MTL_FAST_MATH = YES;
				SDKROOT = iphoneos;
				SWIFT_COMPILATION_MODE = wholemodule;
				SWIFT_OPTIMIZATION_LEVEL = "-O";
				VALIDATE_PRODUCT = YES;
			};
			name = Release;
		};
		74B7709629F9559700800E4F /* Debug */ = {
			isa = XCBuildConfiguration;
			buildSettings = {
				ASSETCATALOG_COMPILER_APPICON_NAME = AppIcon;
				ASSETCATALOG_COMPILER_GLOBAL_ACCENT_COLOR_NAME = AccentColor;
				CODE_SIGN_STYLE = Automatic;
				CURRENT_PROJECT_VERSION = 1;
				DEVELOPMENT_TEAM = ZZG85XAAJ4;
				GENERATE_INFOPLIST_FILE = YES;
				INFOPLIST_FILE = ListarFilmesMVC/Info.plist;
				INFOPLIST_KEY_LSApplicationCategoryType = "public.app-category.education";
				INFOPLIST_KEY_UIApplicationSupportsIndirectInputEvents = YES;
				INFOPLIST_KEY_UILaunchStoryboardName = LaunchScreen;
				INFOPLIST_KEY_UISupportedInterfaceOrientations_iPad = "UIInterfaceOrientationPortrait UIInterfaceOrientationPortraitUpsideDown UIInterfaceOrientationLandscapeLeft UIInterfaceOrientationLandscapeRight";
				INFOPLIST_KEY_UISupportedInterfaceOrientations_iPhone = "UIInterfaceOrientationPortrait UIInterfaceOrientationLandscapeLeft UIInterfaceOrientationLandscapeRight";
				LD_RUNPATH_SEARCH_PATHS = (
					"$(inherited)",
					"@executable_path/Frameworks",
				);
				MARKETING_VERSION = 1.0;
				PRODUCT_BUNDLE_IDENTIFIER = will.ListarFilmesVIP;
				PRODUCT_NAME = "$(TARGET_NAME)";
				SWIFT_EMIT_LOC_STRINGS = YES;
				SWIFT_VERSION = 5.0;
				TARGETED_DEVICE_FAMILY = "1,2";
			};
			name = Debug;
		};
		74B7709729F9559700800E4F /* Release */ = {
			isa = XCBuildConfiguration;
			buildSettings = {
				ASSETCATALOG_COMPILER_APPICON_NAME = AppIcon;
				ASSETCATALOG_COMPILER_GLOBAL_ACCENT_COLOR_NAME = AccentColor;
				CODE_SIGN_STYLE = Automatic;
				CURRENT_PROJECT_VERSION = 1;
				DEVELOPMENT_TEAM = ZZG85XAAJ4;
				GENERATE_INFOPLIST_FILE = YES;
				INFOPLIST_FILE = ListarFilmesMVC/Info.plist;
				INFOPLIST_KEY_LSApplicationCategoryType = "public.app-category.education";
				INFOPLIST_KEY_UIApplicationSupportsIndirectInputEvents = YES;
				INFOPLIST_KEY_UILaunchStoryboardName = LaunchScreen;
				INFOPLIST_KEY_UISupportedInterfaceOrientations_iPad = "UIInterfaceOrientationPortrait UIInterfaceOrientationPortraitUpsideDown UIInterfaceOrientationLandscapeLeft UIInterfaceOrientationLandscapeRight";
				INFOPLIST_KEY_UISupportedInterfaceOrientations_iPhone = "UIInterfaceOrientationPortrait UIInterfaceOrientationLandscapeLeft UIInterfaceOrientationLandscapeRight";
				LD_RUNPATH_SEARCH_PATHS = (
					"$(inherited)",
					"@executable_path/Frameworks",
				);
				MARKETING_VERSION = 1.0;
				PRODUCT_BUNDLE_IDENTIFIER = will.ListarFilmesVIP;
				PRODUCT_NAME = "$(TARGET_NAME)";
				SWIFT_EMIT_LOC_STRINGS = YES;
				SWIFT_VERSION = 5.0;
				TARGETED_DEVICE_FAMILY = "1,2";
			};
			name = Release;
		};
/* End XCBuildConfiguration section */

/* Begin XCConfigurationList section */
		74B7707C29F9559500800E4F /* Build configuration list for PBXProject "ListarFilmesVIP" */ = {
			isa = XCConfigurationList;
			buildConfigurations = (
				74B7709329F9559700800E4F /* Debug */,
				74B7709429F9559700800E4F /* Release */,
			);
			defaultConfigurationIsVisible = 0;
			defaultConfigurationName = Release;
		};
		74B7709529F9559700800E4F /* Build configuration list for PBXNativeTarget "ListarFilmesVIP" */ = {
			isa = XCConfigurationList;
			buildConfigurations = (
				74B7709629F9559700800E4F /* Debug */,
				74B7709729F9559700800E4F /* Release */,
			);
			defaultConfigurationIsVisible = 0;
			defaultConfigurationName = Release;
		};
/* End XCConfigurationList section */

/* Begin XCRemoteSwiftPackageReference section */
		74B770AE29FA9FD100800E4F /* XCRemoteSwiftPackageReference "firebase-ios-sdk" */ = {
			isa = XCRemoteSwiftPackageReference;
			repositoryURL = "https://github.com/firebase/firebase-ios-sdk";
			requirement = {
				branch = master;
				kind = branch;
			};
		};
		74B770C129FC0D5700800E4F /* XCRemoteSwiftPackageReference "SDWebImage" */ = {
			isa = XCRemoteSwiftPackageReference;
			repositoryURL = "https://github.com/SDWebImage/SDWebImage";
			requirement = {
				kind = upToNextMajorVersion;
				minimumVersion = 5.0.0;
			};
		};
/* End XCRemoteSwiftPackageReference section */

/* Begin XCSwiftPackageProductDependency section */
		74B770AF29FA9FD100800E4F /* FirebaseAnalytics */ = {
			isa = XCSwiftPackageProductDependency;
			package = 74B770AE29FA9FD100800E4F /* XCRemoteSwiftPackageReference "firebase-ios-sdk" */;
			productName = FirebaseAnalytics;
		};
		74B770B129FA9FD100800E4F /* FirebaseAuth */ = {
			isa = XCSwiftPackageProductDependency;
			package = 74B770AE29FA9FD100800E4F /* XCRemoteSwiftPackageReference "firebase-ios-sdk" */;
			productName = FirebaseAuth;
		};
		74B770B329FA9FD100800E4F /* FirebaseFirestore */ = {
			isa = XCSwiftPackageProductDependency;
			package = 74B770AE29FA9FD100800E4F /* XCRemoteSwiftPackageReference "firebase-ios-sdk" */;
			productName = FirebaseFirestore;
		};
		74B770C229FC0D5700800E4F /* SDWebImage */ = {
			isa = XCSwiftPackageProductDependency;
			package = 74B770C129FC0D5700800E4F /* XCRemoteSwiftPackageReference "SDWebImage" */;
			productName = SDWebImage;
		};
		74B770C429FC0D5700800E4F /* SDWebImageMapKit */ = {
			isa = XCSwiftPackageProductDependency;
			package = 74B770C129FC0D5700800E4F /* XCRemoteSwiftPackageReference "SDWebImage" */;
			productName = SDWebImageMapKit;
		};
/* End XCSwiftPackageProductDependency section */
	};
	rootObject = 74B7707929F9559500800E4F /* Project object */;
}
