// !$*UTF8*$!
{
	archiveVersion = 1;
	classes = {
	};
	objectVersion = 56;
	objects = {

/* Begin PBXBuildFile section */
		746F8DE02A01558500BD6452 /* GoogleService-Info.plist in Resources */ = {isa = PBXBuildFile; fileRef = 746F8DDF2A01558500BD6452 /* GoogleService-Info.plist */; };
		746F8E7F2A01865000BD6452 /* FilmDetailPresenter.swift in Sources */ = {isa = PBXBuildFile; fileRef = 746F8E792A01865000BD6452 /* FilmDetailPresenter.swift */; };
		746F8E802A01865000BD6452 /* FilmDetailRouter.swift in Sources */ = {isa = PBXBuildFile; fileRef = 746F8E7A2A01865000BD6452 /* FilmDetailRouter.swift */; };
		746F8E812A01865000BD6452 /* FilmDetailViewController.swift in Sources */ = {isa = PBXBuildFile; fileRef = 746F8E7B2A01865000BD6452 /* FilmDetailViewController.swift */; };
		746F8E822A01865000BD6452 /* FilmDetailInteractor.swift in Sources */ = {isa = PBXBuildFile; fileRef = 746F8E7C2A01865000BD6452 /* FilmDetailInteractor.swift */; };
		746F8E832A01865000BD6452 /* FilmDetailView.swift in Sources */ = {isa = PBXBuildFile; fileRef = 746F8E7D2A01865000BD6452 /* FilmDetailView.swift */; };
		746F8E842A01865000BD6452 /* FilmDetailModel.swift in Sources */ = {isa = PBXBuildFile; fileRef = 746F8E7E2A01865000BD6452 /* FilmDetailModel.swift */; };
		746F8E8B2A01867000BD6452 /* FilmListPresenter.swift in Sources */ = {isa = PBXBuildFile; fileRef = 746F8E852A01867000BD6452 /* FilmListPresenter.swift */; };
		746F8E8C2A01867000BD6452 /* FilmListRouter.swift in Sources */ = {isa = PBXBuildFile; fileRef = 746F8E862A01867000BD6452 /* FilmListRouter.swift */; };
		746F8E8D2A01867000BD6452 /* FilmListViewController.swift in Sources */ = {isa = PBXBuildFile; fileRef = 746F8E872A01867000BD6452 /* FilmListViewController.swift */; };
		746F8E8E2A01867000BD6452 /* FilmListInteractor.swift in Sources */ = {isa = PBXBuildFile; fileRef = 746F8E882A01867000BD6452 /* FilmListInteractor.swift */; };
		746F8E8F2A01867000BD6452 /* FilmListView.swift in Sources */ = {isa = PBXBuildFile; fileRef = 746F8E892A01867000BD6452 /* FilmListView.swift */; };
		746F8E902A01867000BD6452 /* FilmListModel.swift in Sources */ = {isa = PBXBuildFile; fileRef = 746F8E8A2A01867000BD6452 /* FilmListModel.swift */; };
		746F8E972A01869B00BD6452 /* CreateLoginPresenter.swift in Sources */ = {isa = PBXBuildFile; fileRef = 746F8E912A01869B00BD6452 /* CreateLoginPresenter.swift */; };
		746F8E982A01869B00BD6452 /* CreateLoginRouter.swift in Sources */ = {isa = PBXBuildFile; fileRef = 746F8E922A01869B00BD6452 /* CreateLoginRouter.swift */; };
		746F8E992A01869B00BD6452 /* CreateLoginViewController.swift in Sources */ = {isa = PBXBuildFile; fileRef = 746F8E932A01869B00BD6452 /* CreateLoginViewController.swift */; };
		746F8E9A2A01869B00BD6452 /* CreateLoginInteractor.swift in Sources */ = {isa = PBXBuildFile; fileRef = 746F8E942A01869B00BD6452 /* CreateLoginInteractor.swift */; };
		746F8E9B2A01869B00BD6452 /* CreateLoginView.swift in Sources */ = {isa = PBXBuildFile; fileRef = 746F8E952A01869B00BD6452 /* CreateLoginView.swift */; };
		746F8E9C2A01869B00BD6452 /* CreateLoginModel.swift in Sources */ = {isa = PBXBuildFile; fileRef = 746F8E962A01869B00BD6452 /* CreateLoginModel.swift */; };
		746F8EA32A01899800BD6452 /* ResetLoginPresenter.swift in Sources */ = {isa = PBXBuildFile; fileRef = 746F8E9D2A01899800BD6452 /* ResetLoginPresenter.swift */; };
		746F8EA42A01899800BD6452 /* ResetLoginRouter.swift in Sources */ = {isa = PBXBuildFile; fileRef = 746F8E9E2A01899800BD6452 /* ResetLoginRouter.swift */; };
		746F8EA52A01899800BD6452 /* ResetLoginViewController.swift in Sources */ = {isa = PBXBuildFile; fileRef = 746F8E9F2A01899800BD6452 /* ResetLoginViewController.swift */; };
		746F8EA62A01899800BD6452 /* ResetLoginInteractor.swift in Sources */ = {isa = PBXBuildFile; fileRef = 746F8EA02A01899800BD6452 /* ResetLoginInteractor.swift */; };
		746F8EA72A01899800BD6452 /* ResetLoginView.swift in Sources */ = {isa = PBXBuildFile; fileRef = 746F8EA12A01899800BD6452 /* ResetLoginView.swift */; };
		746F8EA82A01899800BD6452 /* ResetLoginModel.swift in Sources */ = {isa = PBXBuildFile; fileRef = 746F8EA22A01899800BD6452 /* ResetLoginModel.swift */; };
		746F8EAF2A018A1D00BD6452 /* LoginPresenter.swift in Sources */ = {isa = PBXBuildFile; fileRef = 746F8EA92A018A1D00BD6452 /* LoginPresenter.swift */; };
		746F8EB02A018A1D00BD6452 /* LoginRouter.swift in Sources */ = {isa = PBXBuildFile; fileRef = 746F8EAA2A018A1D00BD6452 /* LoginRouter.swift */; };
		746F8EB12A018A1D00BD6452 /* LoginViewController.swift in Sources */ = {isa = PBXBuildFile; fileRef = 746F8EAB2A018A1D00BD6452 /* LoginViewController.swift */; };
		746F8EB22A018A1D00BD6452 /* LoginInteractor.swift in Sources */ = {isa = PBXBuildFile; fileRef = 746F8EAC2A018A1D00BD6452 /* LoginInteractor.swift */; };
		746F8EB32A018A1D00BD6452 /* LoginView.swift in Sources */ = {isa = PBXBuildFile; fileRef = 746F8EAD2A018A1D00BD6452 /* LoginView.swift */; };
		746F8EB42A018A1D00BD6452 /* LoginModel.swift in Sources */ = {isa = PBXBuildFile; fileRef = 746F8EAE2A018A1D00BD6452 /* LoginModel.swift */; };
		749638A32A05344F00225A3E /* FilmsModel.swift in Sources */ = {isa = PBXBuildFile; fileRef = 749638A22A05344F00225A3E /* FilmsModel.swift */; };
		74B7708529F9559500800E4F /* AppDelegate.swift in Sources */ = {isa = PBXBuildFile; fileRef = 74B7708429F9559500800E4F /* AppDelegate.swift */; };
		74B7708729F9559500800E4F /* SceneDelegate.swift in Sources */ = {isa = PBXBuildFile; fileRef = 74B7708629F9559500800E4F /* SceneDelegate.swift */; };
		74B7708C29F9559500800E4F /* Main.storyboard in Resources */ = {isa = PBXBuildFile; fileRef = 74B7708A29F9559500800E4F /* Main.storyboard */; };
		74B7708E29F9559700800E4F /* Assets.xcassets in Resources */ = {isa = PBXBuildFile; fileRef = 74B7708D29F9559700800E4F /* Assets.xcassets */; };
		74B7709129F9559700800E4F /* LaunchScreen.storyboard in Resources */ = {isa = PBXBuildFile; fileRef = 74B7708F29F9559700800E4F /* LaunchScreen.storyboard */; };
		74B770B029FA9FD100800E4F /* FirebaseAnalytics in Frameworks */ = {isa = PBXBuildFile; productRef = 74B770AF29FA9FD100800E4F /* FirebaseAnalytics */; };
		74B770B229FA9FD100800E4F /* FirebaseAuth in Frameworks */ = {isa = PBXBuildFile; productRef = 74B770B129FA9FD100800E4F /* FirebaseAuth */; };
		74B770B429FA9FD100800E4F /* FirebaseFirestore in Frameworks */ = {isa = PBXBuildFile; productRef = 74B770B329FA9FD100800E4F /* FirebaseFirestore */; };
		74B770C029FC06ED00800E4F /* CustomTableViewCell.swift in Sources */ = {isa = PBXBuildFile; fileRef = 74B770BF29FC06ED00800E4F /* CustomTableViewCell.swift */; };
		74B770C329FC0D5700800E4F /* SDWebImage in Frameworks */ = {isa = PBXBuildFile; productRef = 74B770C229FC0D5700800E4F /* SDWebImage */; };
		74B770C529FC0D5700800E4F /* SDWebImageMapKit in Frameworks */ = {isa = PBXBuildFile; productRef = 74B770C429FC0D5700800E4F /* SDWebImageMapKit */; };
/* End PBXBuildFile section */

/* Begin PBXFileReference section */
		746F8DDF2A01558500BD6452 /* GoogleService-Info.plist */ = {isa = PBXFileReference; fileEncoding = 4; lastKnownFileType = text.plist.xml; path = "GoogleService-Info.plist"; sourceTree = "<group>"; };
		746F8E792A01865000BD6452 /* FilmDetailPresenter.swift */ = {isa = PBXFileReference; lastKnownFileType = sourcecode.swift; path = FilmDetailPresenter.swift; sourceTree = "<group>"; };
		746F8E7A2A01865000BD6452 /* FilmDetailRouter.swift */ = {isa = PBXFileReference; lastKnownFileType = sourcecode.swift; path = FilmDetailRouter.swift; sourceTree = "<group>"; };
		746F8E7B2A01865000BD6452 /* FilmDetailViewController.swift */ = {isa = PBXFileReference; lastKnownFileType = sourcecode.swift; path = FilmDetailViewController.swift; sourceTree = "<group>"; };
		746F8E7C2A01865000BD6452 /* FilmDetailInteractor.swift */ = {isa = PBXFileReference; lastKnownFileType = sourcecode.swift; path = FilmDetailInteractor.swift; sourceTree = "<group>"; };
		746F8E7D2A01865000BD6452 /* FilmDetailView.swift */ = {isa = PBXFileReference; lastKnownFileType = sourcecode.swift; path = FilmDetailView.swift; sourceTree = "<group>"; };
		746F8E7E2A01865000BD6452 /* FilmDetailModel.swift */ = {isa = PBXFileReference; lastKnownFileType = sourcecode.swift; path = FilmDetailModel.swift; sourceTree = "<group>"; };
		746F8E852A01867000BD6452 /* FilmListPresenter.swift */ = {isa = PBXFileReference; lastKnownFileType = sourcecode.swift; path = FilmListPresenter.swift; sourceTree = "<group>"; };
		746F8E862A01867000BD6452 /* FilmListRouter.swift */ = {isa = PBXFileReference; lastKnownFileType = sourcecode.swift; path = FilmListRouter.swift; sourceTree = "<group>"; };
		746F8E872A01867000BD6452 /* FilmListViewController.swift */ = {isa = PBXFileReference; lastKnownFileType = sourcecode.swift; path = FilmListViewController.swift; sourceTree = "<group>"; };
		746F8E882A01867000BD6452 /* FilmListInteractor.swift */ = {isa = PBXFileReference; lastKnownFileType = sourcecode.swift; path = FilmListInteractor.swift; sourceTree = "<group>"; };
		746F8E892A01867000BD6452 /* FilmListView.swift */ = {isa = PBXFileReference; lastKnownFileType = sourcecode.swift; path = FilmListView.swift; sourceTree = "<group>"; };
		746F8E8A2A01867000BD6452 /* FilmListModel.swift */ = {isa = PBXFileReference; lastKnownFileType = sourcecode.swift; path = FilmListModel.swift; sourceTree = "<group>"; };
		746F8E912A01869B00BD6452 /* CreateLoginPresenter.swift */ = {isa = PBXFileReference; lastKnownFileType = sourcecode.swift; path = CreateLoginPresenter.swift; sourceTree = "<group>"; };
		746F8E922A01869B00BD6452 /* CreateLoginRouter.swift */ = {isa = PBXFileReference; lastKnownFileType = sourcecode.swift; path = CreateLoginRouter.swift; sourceTree = "<group>"; };
		746F8E932A01869B00BD6452 /* CreateLoginViewController.swift */ = {isa = PBXFileReference; lastKnownFileType = sourcecode.swift; path = CreateLoginViewController.swift; sourceTree = "<group>"; };
		746F8E942A01869B00BD6452 /* CreateLoginInteractor.swift */ = {isa = PBXFileReference; lastKnownFileType = sourcecode.swift; path = CreateLoginInteractor.swift; sourceTree = "<group>"; };
		746F8E952A01869B00BD6452 /* CreateLoginView.swift */ = {isa = PBXFileReference; lastKnownFileType = sourcecode.swift; path = CreateLoginView.swift; sourceTree = "<group>"; };
		746F8E962A01869B00BD6452 /* CreateLoginModel.swift */ = {isa = PBXFileReference; lastKnownFileType = sourcecode.swift; path = CreateLoginModel.swift; sourceTree = "<group>"; };
		746F8E9D2A01899800BD6452 /* ResetLoginPresenter.swift */ = {isa = PBXFileReference; lastKnownFileType = sourcecode.swift; path = ResetLoginPresenter.swift; sourceTree = "<group>"; };
		746F8E9E2A01899800BD6452 /* ResetLoginRouter.swift */ = {isa = PBXFileReference; lastKnownFileType = sourcecode.swift; path = ResetLoginRouter.swift; sourceTree = "<group>"; };
		746F8E9F2A01899800BD6452 /* ResetLoginViewController.swift */ = {isa = PBXFileReference; lastKnownFileType = sourcecode.swift; path = ResetLoginViewController.swift; sourceTree = "<group>"; };
		746F8EA02A01899800BD6452 /* ResetLoginInteractor.swift */ = {isa = PBXFileReference; lastKnownFileType = sourcecode.swift; path = ResetLoginInteractor.swift; sourceTree = "<group>"; };
		746F8EA12A01899800BD6452 /* ResetLoginView.swift */ = {isa = PBXFileReference; lastKnownFileType = sourcecode.swift; path = ResetLoginView.swift; sourceTree = "<group>"; };
		746F8EA22A01899800BD6452 /* ResetLoginModel.swift */ = {isa = PBXFileReference; lastKnownFileType = sourcecode.swift; path = ResetLoginModel.swift; sourceTree = "<group>"; };
		746F8EA92A018A1D00BD6452 /* LoginPresenter.swift */ = {isa = PBXFileReference; lastKnownFileType = sourcecode.swift; path = LoginPresenter.swift; sourceTree = "<group>"; };
		746F8EAA2A018A1D00BD6452 /* LoginRouter.swift */ = {isa = PBXFileReference; lastKnownFileType = sourcecode.swift; path = LoginRouter.swift; sourceTree = "<group>"; };
		746F8EAB2A018A1D00BD6452 /* LoginViewController.swift */ = {isa = PBXFileReference; lastKnownFileType = sourcecode.swift; path = LoginViewController.swift; sourceTree = "<group>"; };
		746F8EAC2A018A1D00BD6452 /* LoginInteractor.swift */ = {isa = PBXFileReference; lastKnownFileType = sourcecode.swift; path = LoginInteractor.swift; sourceTree = "<group>"; };
		746F8EAD2A018A1D00BD6452 /* LoginView.swift */ = {isa = PBXFileReference; lastKnownFileType = sourcecode.swift; path = LoginView.swift; sourceTree = "<group>"; };
		746F8EAE2A018A1D00BD6452 /* LoginModel.swift */ = {isa = PBXFileReference; lastKnownFileType = sourcecode.swift; path = LoginModel.swift; sourceTree = "<group>"; };
		749638A22A05344F00225A3E /* FilmsModel.swift */ = {isa = PBXFileReference; lastKnownFileType = sourcecode.swift; path = FilmsModel.swift; sourceTree = "<group>"; };
		74B7708129F9559500800E4F /* ListarFilmesVIP.app */ = {isa = PBXFileReference; explicitFileType = wrapper.application; includeInIndex = 0; path = ListarFilmesVIP.app; sourceTree = BUILT_PRODUCTS_DIR; };
		74B7708429F9559500800E4F /* AppDelegate.swift */ = {isa = PBXFileReference; lastKnownFileType = sourcecode.swift; path = AppDelegate.swift; sourceTree = "<group>"; };
		74B7708629F9559500800E4F /* SceneDelegate.swift */ = {isa = PBXFileReference; lastKnownFileType = sourcecode.swift; path = SceneDelegate.swift; sourceTree = "<group>"; };
		74B7708B29F9559500800E4F /* Base */ = {isa = PBXFileReference; lastKnownFileType = file.storyboard; name = Base; path = Base.lproj/Main.storyboard; sourceTree = "<group>"; };
		74B7708D29F9559700800E4F /* Assets.xcassets */ = {isa = PBXFileReference; lastKnownFileType = folder.assetcatalog; path = Assets.xcassets; sourceTree = "<group>"; };
		74B7709029F9559700800E4F /* Base */ = {isa = PBXFileReference; lastKnownFileType = file.storyboard; name = Base; path = Base.lproj/LaunchScreen.storyboard; sourceTree = "<group>"; };
		74B7709229F9559700800E4F /* Info.plist */ = {isa = PBXFileReference; lastKnownFileType = text.plist.xml; path = Info.plist; sourceTree = "<group>"; };
		74B770BF29FC06ED00800E4F /* CustomTableViewCell.swift */ = {isa = PBXFileReference; lastKnownFileType = sourcecode.swift; path = CustomTableViewCell.swift; sourceTree = "<group>"; };
/* End PBXFileReference section */

/* Begin PBXFrameworksBuildPhase section */
		74B7707E29F9559500800E4F /* Frameworks */ = {
			isa = PBXFrameworksBuildPhase;
			buildActionMask = 2147483647;
			files = (
				74B770B029FA9FD100800E4F /* FirebaseAnalytics in Frameworks */,
				74B770C529FC0D5700800E4F /* SDWebImageMapKit in Frameworks */,
				74B770B229FA9FD100800E4F /* FirebaseAuth in Frameworks */,
				74B770C329FC0D5700800E4F /* SDWebImage in Frameworks */,
				74B770B429FA9FD100800E4F /* FirebaseFirestore in Frameworks */,
			);
			runOnlyForDeploymentPostprocessing = 0;
		};
/* End PBXFrameworksBuildPhase section */

/* Begin PBXGroup section */
		746F8E2B2A017FA200BD6452 /* Scenes */ = {
			isa = PBXGroup;
			children = (
				746F8E302A017FE400BD6452 /* ResetLogin */,
				746F8E2F2A017FD900BD6452 /* CreateLogin */,
				746F8E2E2A017FC600BD6452 /* FilmDetail */,
				746F8E2D2A017FB700BD6452 /* FilmList */,
				746F8E2C2A017FAC00BD6452 /* Login */,
			);
			path = Scenes;
			sourceTree = "<group>";
		};
		746F8E2C2A017FAC00BD6452 /* Login */ = {
			isa = PBXGroup;
			children = (
				746F8EA92A018A1D00BD6452 /* LoginPresenter.swift */,
				746F8EAA2A018A1D00BD6452 /* LoginRouter.swift */,
				746F8EAB2A018A1D00BD6452 /* LoginViewController.swift */,
				746F8EAC2A018A1D00BD6452 /* LoginInteractor.swift */,
				746F8EAD2A018A1D00BD6452 /* LoginView.swift */,
				746F8EAE2A018A1D00BD6452 /* LoginModel.swift */,
			);
			path = Login;
			sourceTree = "<group>";
		};
		746F8E2D2A017FB700BD6452 /* FilmList */ = {
			isa = PBXGroup;
			children = (
				746F8E852A01867000BD6452 /* FilmListPresenter.swift */,
				746F8E862A01867000BD6452 /* FilmListRouter.swift */,
				746F8E872A01867000BD6452 /* FilmListViewController.swift */,
				746F8E882A01867000BD6452 /* FilmListInteractor.swift */,
				746F8E892A01867000BD6452 /* FilmListView.swift */,
				746F8E8A2A01867000BD6452 /* FilmListModel.swift */,
			);
			path = FilmList;
			sourceTree = "<group>";
		};
		746F8E2E2A017FC600BD6452 /* FilmDetail */ = {
			isa = PBXGroup;
			children = (
				746F8E792A01865000BD6452 /* FilmDetailPresenter.swift */,
				746F8E7A2A01865000BD6452 /* FilmDetailRouter.swift */,
				746F8E7B2A01865000BD6452 /* FilmDetailViewController.swift */,
				746F8E7C2A01865000BD6452 /* FilmDetailInteractor.swift */,
				746F8E7D2A01865000BD6452 /* FilmDetailView.swift */,
				746F8E7E2A01865000BD6452 /* FilmDetailModel.swift */,
			);
			path = FilmDetail;
			sourceTree = "<group>";
		};
		746F8E2F2A017FD900BD6452 /* CreateLogin */ = {
			isa = PBXGroup;
			children = (
				746F8E912A01869B00BD6452 /* CreateLoginPresenter.swift */,
				746F8E922A01869B00BD6452 /* CreateLoginRouter.swift */,
				746F8E932A01869B00BD6452 /* CreateLoginViewController.swift */,
				746F8E942A01869B00BD6452 /* CreateLoginInteractor.swift */,
				746F8E952A01869B00BD6452 /* CreateLoginView.swift */,
				746F8E962A01869B00BD6452 /* CreateLoginModel.swift */,
			);
			path = CreateLogin;
			sourceTree = "<group>";
		};
		746F8E302A017FE400BD6452 /* ResetLogin */ = {
			isa = PBXGroup;
			children = (
				746F8E9D2A01899800BD6452 /* ResetLoginPresenter.swift */,
				746F8E9E2A01899800BD6452 /* ResetLoginRouter.swift */,
				746F8E9F2A01899800BD6452 /* ResetLoginViewController.swift */,
				746F8EA02A01899800BD6452 /* ResetLoginInteractor.swift */,
				746F8EA12A01899800BD6452 /* ResetLoginView.swift */,
				746F8EA22A01899800BD6452 /* ResetLoginModel.swift */,
			);
			path = ResetLogin;
			sourceTree = "<group>";
		};
		749638A12A05342900225A3E /* GenericModel */ = {
			isa = PBXGroup;
			children = (
				749638A22A05344F00225A3E /* FilmsModel.swift */,
			);
			path = GenericModel;
			sourceTree = "<group>";
		};
		74AF5D212A0AC4BD00A26173 /* ListFilmsVIP */ = {
			isa = PBXGroup;
			children = (
				74B7709929F957C000800E4F /* CustomCell */,
				749638A12A05342900225A3E /* GenericModel */,
				746F8E2B2A017FA200BD6452 /* Scenes */,
				74B7708429F9559500800E4F /* AppDelegate.swift */,
				74B7708629F9559500800E4F /* SceneDelegate.swift */,
				74B7708A29F9559500800E4F /* Main.storyboard */,
				74B7708D29F9559700800E4F /* Assets.xcassets */,
				74B7708F29F9559700800E4F /* LaunchScreen.storyboard */,
				746F8DDF2A01558500BD6452 /* GoogleService-Info.plist */,
				74B7709229F9559700800E4F /* Info.plist */,
			);
			path = ListFilmsVIP;
			sourceTree = "<group>";
		};
		74B7707829F9559500800E4F = {
			isa = PBXGroup;
			children = (
				74AF5D212A0AC4BD00A26173 /* ListFilmsVIP */,
				74B7708229F9559500800E4F /* Products */,
			);
			sourceTree = "<group>";
		};
		74B7708229F9559500800E4F /* Products */ = {
			isa = PBXGroup;
			children = (
				74B7708129F9559500800E4F /* ListarFilmesVIP.app */,
			);
			name = Products;
			sourceTree = "<group>";
		};
		74B7709929F957C000800E4F /* CustomCell */ = {
			isa = PBXGroup;
			children = (
				74B770BF29FC06ED00800E4F /* CustomTableViewCell.swift */,
			);
			path = CustomCell;
			sourceTree = "<group>";
		};
/* End PBXGroup section */

/* Begin PBXNativeTarget section */
		74B7708029F9559500800E4F /* ListarFilmesVIP */ = {
			isa = PBXNativeTarget;
			buildConfigurationList = 74B7709529F9559700800E4F /* Build configuration list for PBXNativeTarget "ListarFilmesVIP" */;
			buildPhases = (
				74B7707D29F9559500800E4F /* Sources */,
				74B7707E29F9559500800E4F /* Frameworks */,
				74B7707F29F9559500800E4F /* Resources */,
			);
			buildRules = (
			);
			dependencies = (
			);
			name = ListarFilmesVIP;
			packageProductDependencies = (
				74B770AF29FA9FD100800E4F /* FirebaseAnalytics */,
				74B770B129FA9FD100800E4F /* FirebaseAuth */,
				74B770B329FA9FD100800E4F /* FirebaseFirestore */,
				74B770C229FC0D5700800E4F /* SDWebImage */,
				74B770C429FC0D5700800E4F /* SDWebImageMapKit */,
			);
			productName = ListarFilmesMVC;
			productReference = 74B7708129F9559500800E4F /* ListarFilmesVIP.app */;
			productType = "com.apple.product-type.application";
		};
/* End PBXNativeTarget section */

/* Begin PBXProject section */
		74B7707929F9559500800E4F /* Project object */ = {
			isa = PBXProject;
			attributes = {
				BuildIndependentTargetsInParallel = 1;
				LastSwiftUpdateCheck = 1420;
				LastUpgradeCheck = 1420;
				TargetAttributes = {
					74B7708029F9559500800E4F = {
						CreatedOnToolsVersion = 14.2;
					};
				};
			};
			buildConfigurationList = 74B7707C29F9559500800E4F /* Build configuration list for PBXProject "ListarFilmesVIP" */;
			compatibilityVersion = "Xcode 14.0";
			developmentRegion = en;
			hasScannedForEncodings = 0;
			knownRegions = (
				en,
				Base,
			);
			mainGroup = 74B7707829F9559500800E4F;
			packageReferences = (
				74B770AE29FA9FD100800E4F /* XCRemoteSwiftPackageReference "firebase-ios-sdk" */,
				74B770C129FC0D5700800E4F /* XCRemoteSwiftPackageReference "SDWebImage" */,
			);
			productRefGroup = 74B7708229F9559500800E4F /* Products */;
			projectDirPath = "";
			projectRoot = "";
			targets = (
				74B7708029F9559500800E4F /* ListarFilmesVIP */,
			);
		};
/* End PBXProject section */

/* Begin PBXResourcesBuildPhase section */
		74B7707F29F9559500800E4F /* Resources */ = {
			isa = PBXResourcesBuildPhase;
			buildActionMask = 2147483647;
			files = (
				74B7709129F9559700800E4F /* LaunchScreen.storyboard in Resources */,
				746F8DE02A01558500BD6452 /* GoogleService-Info.plist in Resources */,
				74B7708E29F9559700800E4F /* Assets.xcassets in Resources */,
				74B7708C29F9559500800E4F /* Main.storyboard in Resources */,
			);
			runOnlyForDeploymentPostprocessing = 0;
		};
/* End PBXResourcesBuildPhase section */

/* Begin PBXSourcesBuildPhase section */
		74B7707D29F9559500800E4F /* Sources */ = {
			isa = PBXSourcesBuildPhase;
			buildActionMask = 2147483647;
			files = (
				746F8E8B2A01867000BD6452 /* FilmListPresenter.swift in Sources */,
				746F8EA82A01899800BD6452 /* ResetLoginModel.swift in Sources */,
				746F8EB22A018A1D00BD6452 /* LoginInteractor.swift in Sources */,
				746F8EB12A018A1D00BD6452 /* LoginViewController.swift in Sources */,
				746F8EA52A01899800BD6452 /* ResetLoginViewController.swift in Sources */,
				746F8E812A01865000BD6452 /* FilmDetailViewController.swift in Sources */,
				746F8EB32A018A1D00BD6452 /* LoginView.swift in Sources */,
				746F8E992A01869B00BD6452 /* CreateLoginViewController.swift in Sources */,
				746F8E9B2A01869B00BD6452 /* CreateLoginView.swift in Sources */,
				74B7708529F9559500800E4F /* AppDelegate.swift in Sources */,
				746F8E902A01867000BD6452 /* FilmListModel.swift in Sources */,
				746F8EA32A01899800BD6452 /* ResetLoginPresenter.swift in Sources */,
				746F8E7F2A01865000BD6452 /* FilmDetailPresenter.swift in Sources */,
				746F8EA42A01899800BD6452 /* ResetLoginRouter.swift in Sources */,
				746F8E842A01865000BD6452 /* FilmDetailModel.swift in Sources */,
				746F8E9A2A01869B00BD6452 /* CreateLoginInteractor.swift in Sources */,
				746F8E8E2A01867000BD6452 /* FilmListInteractor.swift in Sources */,
				746F8E9C2A01869B00BD6452 /* CreateLoginModel.swift in Sources */,
				746F8E982A01869B00BD6452 /* CreateLoginRouter.swift in Sources */,
				746F8EAF2A018A1D00BD6452 /* LoginPresenter.swift in Sources */,
				746F8EB42A018A1D00BD6452 /* LoginModel.swift in Sources */,
				746F8EA72A01899800BD6452 /* ResetLoginView.swift in Sources */,
				746F8E8C2A01867000BD6452 /* FilmListRouter.swift in Sources */,
				74B770C029FC06ED00800E4F /* CustomTableViewCell.swift in Sources */,
				746F8EA62A01899800BD6452 /* ResetLoginInteractor.swift in Sources */,
				746F8E832A01865000BD6452 /* FilmDetailView.swift in Sources */,
				746F8E822A01865000BD6452 /* FilmDetailInteractor.swift in Sources */,
				749638A32A05344F00225A3E /* FilmsModel.swift in Sources */,
				746F8E8D2A01867000BD6452 /* FilmListViewController.swift in Sources */,
				74B7708729F9559500800E4F /* SceneDelegate.swift in Sources */,
				746F8E802A01865000BD6452 /* FilmDetailRouter.swift in Sources */,
				746F8E972A01869B00BD6452 /* CreateLoginPresenter.swift in Sources */,
				746F8E8F2A01867000BD6452 /* FilmListView.swift in Sources */,
				746F8EB02A018A1D00BD6452 /* LoginRouter.swift in Sources */,
			);
			runOnlyForDeploymentPostprocessing = 0;
		};
/* End PBXSourcesBuildPhase section */

/* Begin PBXVariantGroup section */
		74B7708A29F9559500800E4F /* Main.storyboard */ = {
			isa = PBXVariantGroup;
			children = (
				74B7708B29F9559500800E4F /* Base */,
			);
			name = Main.storyboard;
			sourceTree = "<group>";
		};
		74B7708F29F9559700800E4F /* LaunchScreen.storyboard */ = {
			isa = PBXVariantGroup;
			children = (
				74B7709029F9559700800E4F /* Base */,
			);
			name = LaunchScreen.storyboard;
			sourceTree = "<group>";
		};
/* End PBXVariantGroup section */

/* Begin XCBuildConfiguration section */
		74B7709329F9559700800E4F /* Debug */ = {
			isa = XCBuildConfiguration;
			buildSettings = {
				ALWAYS_SEARCH_USER_PATHS = NO;
				CLANG_ANALYZER_NONNULL = YES;
				CLANG_ANALYZER_NUMBER_OBJECT_CONVERSION = YES_AGGRESSIVE;
				CLANG_CXX_LANGUAGE_STANDARD = "gnu++20";
				CLANG_ENABLE_MODULES = YES;
				CLANG_ENABLE_OBJC_ARC = YES;
				CLANG_ENABLE_OBJC_WEAK = YES;
				CLANG_WARN_BLOCK_CAPTURE_AUTORELEASING = YES;
				CLANG_WARN_BOOL_CONVERSION = YES;
				CLANG_WARN_COMMA = YES;
				CLANG_WARN_CONSTANT_CONVERSION = YES;
				CLANG_WARN_DEPRECATED_OBJC_IMPLEMENTATIONS = YES;
				CLANG_WARN_DIRECT_OBJC_ISA_USAGE = YES_ERROR;
				CLANG_WARN_DOCUMENTATION_COMMENTS = YES;
				CLANG_WARN_EMPTY_BODY = YES;
				CLANG_WARN_ENUM_CONVERSION = YES;
				CLANG_WARN_INFINITE_RECURSION = YES;
				CLANG_WARN_INT_CONVERSION = YES;
				CLANG_WARN_NON_LITERAL_NULL_CONVERSION = YES;
				CLANG_WARN_OBJC_IMPLICIT_RETAIN_SELF = YES;
				CLANG_WARN_OBJC_LITERAL_CONVERSION = YES;
				CLANG_WARN_OBJC_ROOT_CLASS = YES_ERROR;
				CLANG_WARN_QUOTED_INCLUDE_IN_FRAMEWORK_HEADER = YES;
				CLANG_WARN_RANGE_LOOP_ANALYSIS = YES;
				CLANG_WARN_STRICT_PROTOTYPES = YES;
				CLANG_WARN_SUSPICIOUS_MOVE = YES;
				CLANG_WARN_UNGUARDED_AVAILABILITY = YES_AGGRESSIVE;
				CLANG_WARN_UNREACHABLE_CODE = YES;
				CLANG_WARN__DUPLICATE_METHOD_MATCH = YES;
				COPY_PHASE_STRIP = NO;
				DEBUG_INFORMATION_FORMAT = dwarf;
				ENABLE_STRICT_OBJC_MSGSEND = YES;
				ENABLE_TESTABILITY = YES;
				GCC_C_LANGUAGE_STANDARD = gnu11;
				GCC_DYNAMIC_NO_PIC = NO;
				GCC_NO_COMMON_BLOCKS = YES;
				GCC_OPTIMIZATION_LEVEL = 0;
				GCC_PREPROCESSOR_DEFINITIONS = (
					"DEBUG=1",
					"$(inherited)",
				);
				GCC_WARN_64_TO_32_BIT_CONVERSION = YES;
				GCC_WARN_ABOUT_RETURN_TYPE = YES_ERROR;
				GCC_WARN_UNDECLARED_SELECTOR = YES;
				GCC_WARN_UNINITIALIZED_AUTOS = YES_AGGRESSIVE;
				GCC_WARN_UNUSED_FUNCTION = YES;
				GCC_WARN_UNUSED_VARIABLE = YES;
				IPHONEOS_DEPLOYMENT_TARGET = 16.2;
				MTL_ENABLE_DEBUG_INFO = INCLUDE_SOURCE;
				MTL_FAST_MATH = YES;
				ONLY_ACTIVE_ARCH = YES;
				SDKROOT = iphoneos;
				SWIFT_ACTIVE_COMPILATION_CONDITIONS = DEBUG;
				SWIFT_OPTIMIZATION_LEVEL = "-Onone";
			};
			name = Debug;
		};
		74B7709429F9559700800E4F /* Release */ = {
			isa = XCBuildConfiguration;
			buildSettings = {
				ALWAYS_SEARCH_USER_PATHS = NO;
				CLANG_ANALYZER_NONNULL = YES;
				CLANG_ANALYZER_NUMBER_OBJECT_CONVERSION = YES_AGGRESSIVE;
				CLANG_CXX_LANGUAGE_STANDARD = "gnu++20";
				CLANG_ENABLE_MODULES = YES;
				CLANG_ENABLE_OBJC_ARC = YES;
				CLANG_ENABLE_OBJC_WEAK = YES;
				CLANG_WARN_BLOCK_CAPTURE_AUTORELEASING = YES;
				CLANG_WARN_BOOL_CONVERSION = YES;
				CLANG_WARN_COMMA = YES;
				CLANG_WARN_CONSTANT_CONVERSION = YES;
				CLANG_WARN_DEPRECATED_OBJC_IMPLEMENTATIONS = YES;
				CLANG_WARN_DIRECT_OBJC_ISA_USAGE = YES_ERROR;
				CLANG_WARN_DOCUMENTATION_COMMENTS = YES;
				CLANG_WARN_EMPTY_BODY = YES;
				CLANG_WARN_ENUM_CONVERSION = YES;
				CLANG_WARN_INFINITE_RECURSION = YES;
				CLANG_WARN_INT_CONVERSION = YES;
				CLANG_WARN_NON_LITERAL_NULL_CONVERSION = YES;
				CLANG_WARN_OBJC_IMPLICIT_RETAIN_SELF = YES;
				CLANG_WARN_OBJC_LITERAL_CONVERSION = YES;
				CLANG_WARN_OBJC_ROOT_CLASS = YES_ERROR;
				CLANG_WARN_QUOTED_INCLUDE_IN_FRAMEWORK_HEADER = YES;
				CLANG_WARN_RANGE_LOOP_ANALYSIS = YES;
				CLANG_WARN_STRICT_PROTOTYPES = YES;
				CLANG_WARN_SUSPICIOUS_MOVE = YES;
				CLANG_WARN_UNGUARDED_AVAILABILITY = YES_AGGRESSIVE;
				CLANG_WARN_UNREACHABLE_CODE = YES;
				CLANG_WARN__DUPLICATE_METHOD_MATCH = YES;
				COPY_PHASE_STRIP = NO;
				DEBUG_INFORMATION_FORMAT = "dwarf-with-dsym";
				ENABLE_NS_ASSERTIONS = NO;
				ENABLE_STRICT_OBJC_MSGSEND = YES;
				GCC_C_LANGUAGE_STANDARD = gnu11;
				GCC_NO_COMMON_BLOCKS = YES;
				GCC_WARN_64_TO_32_BIT_CONVERSION = YES;
				GCC_WARN_ABOUT_RETURN_TYPE = YES_ERROR;
				GCC_WARN_UNDECLARED_SELECTOR = YES;
				GCC_WARN_UNINITIALIZED_AUTOS = YES_AGGRESSIVE;
				GCC_WARN_UNUSED_FUNCTION = YES;
				GCC_WARN_UNUSED_VARIABLE = YES;
				IPHONEOS_DEPLOYMENT_TARGET = 16.2;
				MTL_ENABLE_DEBUG_INFO = NO;
				MTL_FAST_MATH = YES;
				SDKROOT = iphoneos;
				SWIFT_COMPILATION_MODE = wholemodule;
				SWIFT_OPTIMIZATION_LEVEL = "-O";
				VALIDATE_PRODUCT = YES;
			};
			name = Release;
		};
		74B7709629F9559700800E4F /* Debug */ = {
			isa = XCBuildConfiguration;
			buildSettings = {
				ASSETCATALOG_COMPILER_APPICON_NAME = AppIcon;
				ASSETCATALOG_COMPILER_GLOBAL_ACCENT_COLOR_NAME = AccentColor;
				CODE_SIGN_STYLE = Automatic;
				CURRENT_PROJECT_VERSION = 1;
				DEVELOPMENT_TEAM = ZZG85XAAJ4;
				GENERATE_INFOPLIST_FILE = YES;
				INFOPLIST_FILE = ListFilmsVip/Info.plist;
				INFOPLIST_KEY_LSApplicationCategoryType = "public.app-category.education";
				INFOPLIST_KEY_UIApplicationSupportsIndirectInputEvents = YES;
				INFOPLIST_KEY_UILaunchStoryboardName = LaunchScreen;
				INFOPLIST_KEY_UISupportedInterfaceOrientations_iPad = "UIInterfaceOrientationPortrait UIInterfaceOrientationPortraitUpsideDown UIInterfaceOrientationLandscapeLeft UIInterfaceOrientationLandscapeRight";
				INFOPLIST_KEY_UISupportedInterfaceOrientations_iPhone = "UIInterfaceOrientationPortrait UIInterfaceOrientationLandscapeLeft UIInterfaceOrientationLandscapeRight";
				LD_RUNPATH_SEARCH_PATHS = (
					"$(inherited)",
					"@executable_path/Frameworks",
				);
				MARKETING_VERSION = 1.0;
				PRODUCT_BUNDLE_IDENTIFIER = will.ListarFilmesVIP;
				PRODUCT_NAME = "$(TARGET_NAME)";
				SWIFT_EMIT_LOC_STRINGS = YES;
				SWIFT_VERSION = 5.0;
				TARGETED_DEVICE_FAMILY = "1,2";
			};
			name = Debug;
		};
		74B7709729F9559700800E4F /* Release */ = {
			isa = XCBuildConfiguration;
			buildSettings = {
				ASSETCATALOG_COMPILER_APPICON_NAME = AppIcon;
				ASSETCATALOG_COMPILER_GLOBAL_ACCENT_COLOR_NAME = AccentColor;
				CODE_SIGN_STYLE = Automatic;
				CURRENT_PROJECT_VERSION = 1;
				DEVELOPMENT_TEAM = ZZG85XAAJ4;
				GENERATE_INFOPLIST_FILE = YES;
				INFOPLIST_FILE = ListFilmsVip/Info.plist;
				INFOPLIST_KEY_LSApplicationCategoryType = "public.app-category.education";
				INFOPLIST_KEY_UIApplicationSupportsIndirectInputEvents = YES;
				INFOPLIST_KEY_UILaunchStoryboardName = LaunchScreen;
				INFOPLIST_KEY_UISupportedInterfaceOrientations_iPad = "UIInterfaceOrientationPortrait UIInterfaceOrientationPortraitUpsideDown UIInterfaceOrientationLandscapeLeft UIInterfaceOrientationLandscapeRight";
				INFOPLIST_KEY_UISupportedInterfaceOrientations_iPhone = "UIInterfaceOrientationPortrait UIInterfaceOrientationLandscapeLeft UIInterfaceOrientationLandscapeRight";
				LD_RUNPATH_SEARCH_PATHS = (
					"$(inherited)",
					"@executable_path/Frameworks",
				);
				MARKETING_VERSION = 1.0;
				PRODUCT_BUNDLE_IDENTIFIER = will.ListarFilmesVIP;
				PRODUCT_NAME = "$(TARGET_NAME)";
				SWIFT_EMIT_LOC_STRINGS = YES;
				SWIFT_VERSION = 5.0;
				TARGETED_DEVICE_FAMILY = "1,2";
			};
			name = Release;
		};
/* End XCBuildConfiguration section */

/* Begin XCConfigurationList section */
		74B7707C29F9559500800E4F /* Build configuration list for PBXProject "ListarFilmesVIP" */ = {
			isa = XCConfigurationList;
			buildConfigurations = (
				74B7709329F9559700800E4F /* Debug */,
				74B7709429F9559700800E4F /* Release */,
			);
			defaultConfigurationIsVisible = 0;
			defaultConfigurationName = Release;
		};
		74B7709529F9559700800E4F /* Build configuration list for PBXNativeTarget "ListarFilmesVIP" */ = {
			isa = XCConfigurationList;
			buildConfigurations = (
				74B7709629F9559700800E4F /* Debug */,
				74B7709729F9559700800E4F /* Release */,
			);
			defaultConfigurationIsVisible = 0;
			defaultConfigurationName = Release;
		};
/* End XCConfigurationList section */

/* Begin XCRemoteSwiftPackageReference section */
		74B770AE29FA9FD100800E4F /* XCRemoteSwiftPackageReference "firebase-ios-sdk" */ = {
			isa = XCRemoteSwiftPackageReference;
			repositoryURL = "https://github.com/firebase/firebase-ios-sdk";
			requirement = {
				branch = master;
				kind = branch;
			};
		};
		74B770C129FC0D5700800E4F /* XCRemoteSwiftPackageReference "SDWebImage" */ = {
			isa = XCRemoteSwiftPackageReference;
			repositoryURL = "https://github.com/SDWebImage/SDWebImage";
			requirement = {
				kind = upToNextMajorVersion;
				minimumVersion = 5.0.0;
			};
		};
/* End XCRemoteSwiftPackageReference section */

/* Begin XCSwiftPackageProductDependency section */
		74B770AF29FA9FD100800E4F /* FirebaseAnalytics */ = {
			isa = XCSwiftPackageProductDependency;
			package = 74B770AE29FA9FD100800E4F /* XCRemoteSwiftPackageReference "firebase-ios-sdk" */;
			productName = FirebaseAnalytics;
		};
		74B770B129FA9FD100800E4F /* FirebaseAuth */ = {
			isa = XCSwiftPackageProductDependency;
			package = 74B770AE29FA9FD100800E4F /* XCRemoteSwiftPackageReference "firebase-ios-sdk" */;
			productName = FirebaseAuth;
		};
		74B770B329FA9FD100800E4F /* FirebaseFirestore */ = {
			isa = XCSwiftPackageProductDependency;
			package = 74B770AE29FA9FD100800E4F /* XCRemoteSwiftPackageReference "firebase-ios-sdk" */;
			productName = FirebaseFirestore;
		};
		74B770C229FC0D5700800E4F /* SDWebImage */ = {
			isa = XCSwiftPackageProductDependency;
			package = 74B770C129FC0D5700800E4F /* XCRemoteSwiftPackageReference "SDWebImage" */;
			productName = SDWebImage;
		};
		74B770C429FC0D5700800E4F /* SDWebImageMapKit */ = {
			isa = XCSwiftPackageProductDependency;
			package = 74B770C129FC0D5700800E4F /* XCRemoteSwiftPackageReference "SDWebImage" */;
			productName = SDWebImageMapKit;
		};
/* End XCSwiftPackageProductDependency section */
	};
	rootObject = 74B7707929F9559500800E4F /* Project object */;
}
